
Microsoft Visual Studio Solution File, Format Version 12.00
# Visual Studio Version 17
VisualStudioVersion = 17.12.35707.178
MinimumVisualStudioVersion = 10.0.40219.1
Project("{FAE04EC0-301F-11D3-BF4B-00C04F79EFBC}") = "BJU", "BJU\BJU.csproj", "{C188D9C9-041B-4A90-AF44-F0110D7915AE}"
EndProject
Project("{FAE04EC0-301F-11D3-BF4B-00C04F79EFBC}") = "UnitTestProject3", "UnitTestProject3\UnitTestProject3.csproj", "{B8A0514F-BC57-4789-9813-E3BACAF2F0C1}"
	ProjectSection(ProjectDependencies) = postProject
		{C188D9C9-041B-4A90-AF44-F0110D7915AE} = {C188D9C9-041B-4A90-AF44-F0110D7915AE}
	EndProjectSection
EndProject
Global
	GlobalSection(SolutionConfigurationPlatforms) = preSolution
		Debug|Any CPU = Debug|Any CPU
		Release|Any CPU = Release|Any CPU
	EndGlobalSection
	GlobalSection(ProjectConfigurationPlatforms) = postSolution
		{C188D9C9-041B-4A90-AF44-F0110D7915AE}.Debug|Any CPU.ActiveCfg = Debug|Any CPU
		{C188D9C9-041B-4A90-AF44-F0110D7915AE}.Debug|Any CPU.Build.0 = Debug|Any CPU
		{C188D9C9-041B-4A90-AF44-F0110D7915AE}.Release|Any CPU.ActiveCfg = Release|Any CPU
		{C188D9C9-041B-4A90-AF44-F0110D7915AE}.Release|Any CPU.Build.0 = Release|Any CPU
		{B8A0514F-BC57-4789-9813-E3BACAF2F0C1}.Debug|Any CPU.ActiveCfg = Debug|Any CPU
		{B8A0514F-BC57-4789-9813-E3BACAF2F0C1}.Debug|Any CPU.Build.0 = Debug|Any CPU
		{B8A0514F-BC57-4789-9813-E3BACAF2F0C1}.Release|Any CPU.ActiveCfg = Release|Any CPU
		{B8A0514F-BC57-4789-9813-E3BACAF2F0C1}.Release|Any CPU.Build.0 = Release|Any CPU
	EndGlobalSection
	GlobalSection(SolutionProperties) = preSolution
		HideSolutionNode = FALSE
	EndGlobalSection
EndGlobal
